
Microsoft Visual Studio Solution File, Format Version 12.00
# Visual Studio Version 16
VisualStudioVersion = 16.0.34729.46
MinimumVisualStudioVersion = 10.0.40219.1
Project("{FAE04EC0-301F-11D3-BF4B-00C04F79EFBC}") = "Polimorfismo", "Polimorfismo.csproj", "{EE3EC8AE-263A-4AF4-B15C-70E11943AA44}"
EndProject
Global
	GlobalSection(SolutionConfigurationPlatforms) = preSolution
		Debug|Any CPU = Debug|Any CPU
		Release|Any CPU = Release|Any CPU
	EndGlobalSection
	GlobalSection(ProjectConfigurationPlatforms) = postSolution
		{EE3EC8AE-263A-4AF4-B15C-70E11943AA44}.Debug|Any CPU.ActiveCfg = Debug|Any CPU
		{EE3EC8AE-263A-4AF4-B15C-70E11943AA44}.Debug|Any CPU.Build.0 = Debug|Any CPU
		{EE3EC8AE-263A-4AF4-B15C-70E11943AA44}.Release|Any CPU.ActiveCfg = Release|Any CPU
		{EE3EC8AE-263A-4AF4-B15C-70E11943AA44}.Release|Any CPU.Build.0 = Release|Any CPU
	EndGlobalSection
	GlobalSection(SolutionProperties) = preSolution
		HideSolutionNode = FALSE
	EndGlobalSection
	GlobalSection(ExtensibilityGlobals) = postSolution
		SolutionGuid = {63060F0F-9CC0-4E54-9868-F38C146BD4C7}
	EndGlobalSection
EndGlobal
